
Microsoft Visual Studio Solution File, Format Version 12.00
# Visual Studio Version 17
VisualStudioVersion = 17.11.35327.3
MinimumVisualStudioVersion = 10.0.40219.1
Project("{FAE04EC0-301F-11D3-BF4B-00C04F79EFBC}") = "Order.ApplicationCore", "..\Order.ApplicationCore\Order.ApplicationCore.csproj", "{32D98B0E-FCE1-49BA-BCC9-A346F7ACED91}"
EndProject
Project("{FAE04EC0-301F-11D3-BF4B-00C04F79EFBC}") = "Order.API", "..\Order.API\Order.API.csproj", "{7DFDD0C0-2000-4ED0-9E7A-3AE0F2393A57}"
EndProject
Project("{FAE04EC0-301F-11D3-BF4B-00C04F79EFBC}") = "Order.Infrastructure", "..\Order.Infrastructure\Order.Infrastructure.csproj", "{CA38C595-0C6C-4DBB-AB9E-BC08C4518AE1}"
EndProject
Global
	GlobalSection(SolutionConfigurationPlatforms) = preSolution
		Debug|Any CPU = Debug|Any CPU
		Release|Any CPU = Release|Any CPU
	EndGlobalSection
	GlobalSection(ProjectConfigurationPlatforms) = postSolution
		{32D98B0E-FCE1-49BA-BCC9-A346F7ACED91}.Debug|Any CPU.ActiveCfg = Debug|Any CPU
		{32D98B0E-FCE1-49BA-BCC9-A346F7ACED91}.Debug|Any CPU.Build.0 = Debug|Any CPU
		{32D98B0E-FCE1-49BA-BCC9-A346F7ACED91}.Release|Any CPU.ActiveCfg = Release|Any CPU
		{32D98B0E-FCE1-49BA-BCC9-A346F7ACED91}.Release|Any CPU.Build.0 = Release|Any CPU
		{7DFDD0C0-2000-4ED0-9E7A-3AE0F2393A57}.Debug|Any CPU.ActiveCfg = Debug|Any CPU
		{7DFDD0C0-2000-4ED0-9E7A-3AE0F2393A57}.Debug|Any CPU.Build.0 = Debug|Any CPU
		{7DFDD0C0-2000-4ED0-9E7A-3AE0F2393A57}.Release|Any CPU.ActiveCfg = Release|Any CPU
		{7DFDD0C0-2000-4ED0-9E7A-3AE0F2393A57}.Release|Any CPU.Build.0 = Release|Any CPU
		{CA38C595-0C6C-4DBB-AB9E-BC08C4518AE1}.Debug|Any CPU.ActiveCfg = Debug|Any CPU
		{CA38C595-0C6C-4DBB-AB9E-BC08C4518AE1}.Debug|Any CPU.Build.0 = Debug|Any CPU
		{CA38C595-0C6C-4DBB-AB9E-BC08C4518AE1}.Release|Any CPU.ActiveCfg = Release|Any CPU
		{CA38C595-0C6C-4DBB-AB9E-BC08C4518AE1}.Release|Any CPU.Build.0 = Release|Any CPU
	EndGlobalSection
	GlobalSection(SolutionProperties) = preSolution
		HideSolutionNode = FALSE
	EndGlobalSection
	GlobalSection(ExtensibilityGlobals) = postSolution
		SolutionGuid = {8654259D-5A83-40A9-B96F-F5E4A8F7A4DD}
	EndGlobalSection
EndGlobal
